
Microsoft Visual Studio Solution File, Format Version 12.00
# Visual Studio Version 17
VisualStudioVersion = 17.8.34330.188
MinimumVisualStudioVersion = 10.0.40219.1
Project("{FAE04EC0-301F-11D3-BF4B-00C04F79EFBC}") = "MvcMovie", "MvcMovie\MvcMovie.csproj", "{4CF8E1F2-66E2-49D5-8F6F-5730ABB952FB}"
EndProject
Global
	GlobalSection(SolutionConfigurationPlatforms) = preSolution
		Debug|Any CPU = Debug|Any CPU
		Release|Any CPU = Release|Any CPU
	EndGlobalSection
	GlobalSection(ProjectConfigurationPlatforms) = postSolution
		{4CF8E1F2-66E2-49D5-8F6F-5730ABB952FB}.Debug|Any CPU.ActiveCfg = Debug|Any CPU
		{4CF8E1F2-66E2-49D5-8F6F-5730ABB952FB}.Debug|Any CPU.Build.0 = Debug|Any CPU
		{4CF8E1F2-66E2-49D5-8F6F-5730ABB952FB}.Release|Any CPU.ActiveCfg = Release|Any CPU
		{4CF8E1F2-66E2-49D5-8F6F-5730ABB952FB}.Release|Any CPU.Build.0 = Release|Any CPU
	EndGlobalSection
	GlobalSection(SolutionProperties) = preSolution
		HideSolutionNode = FALSE
	EndGlobalSection
	GlobalSection(ExtensibilityGlobals) = postSolution
		SolutionGuid = {72FB2C4C-01AB-484D-B24A-041DCA5129C5}
	EndGlobalSection
EndGlobal
